
Microsoft Visual Studio Solution File, Format Version 12.00
# Visual Studio Version 16
VisualStudioVersion = 16.0.31205.134
MinimumVisualStudioVersion = 10.0.40219.1
Project("{FAE04EC0-301F-11D3-BF4B-00C04F79EFBC}") = "AspNetCore5.Fundamentals.Web", "AspNetCore5.Fundamentals.Web\AspNetCore5.Fundamentals.Web.csproj", "{A1E76FCA-B43B-41FA-BCCB-2E0EDF3FB4BA}"
EndProject
Project("{FAE04EC0-301F-11D3-BF4B-00C04F79EFBC}") = "AspNetCore5.Fundamentals.MVC", "AspNetCore5.Fundamentals.MVC\AspNetCore5.Fundamentals.MVC.csproj", "{B45B11F8-6E9A-4B38-B2BB-066AC7585F9B}"
EndProject
Global
	GlobalSection(SolutionConfigurationPlatforms) = preSolution
		Debug|Any CPU = Debug|Any CPU
		Release|Any CPU = Release|Any CPU
	EndGlobalSection
	GlobalSection(ProjectConfigurationPlatforms) = postSolution
		{A1E76FCA-B43B-41FA-BCCB-2E0EDF3FB4BA}.Debug|Any CPU.ActiveCfg = Debug|Any CPU
		{A1E76FCA-B43B-41FA-BCCB-2E0EDF3FB4BA}.Debug|Any CPU.Build.0 = Debug|Any CPU
		{A1E76FCA-B43B-41FA-BCCB-2E0EDF3FB4BA}.Release|Any CPU.ActiveCfg = Release|Any CPU
		{A1E76FCA-B43B-41FA-BCCB-2E0EDF3FB4BA}.Release|Any CPU.Build.0 = Release|Any CPU
		{B45B11F8-6E9A-4B38-B2BB-066AC7585F9B}.Debug|Any CPU.ActiveCfg = Debug|Any CPU
		{B45B11F8-6E9A-4B38-B2BB-066AC7585F9B}.Debug|Any CPU.Build.0 = Debug|Any CPU
		{B45B11F8-6E9A-4B38-B2BB-066AC7585F9B}.Release|Any CPU.ActiveCfg = Release|Any CPU
		{B45B11F8-6E9A-4B38-B2BB-066AC7585F9B}.Release|Any CPU.Build.0 = Release|Any CPU
	EndGlobalSection
	GlobalSection(SolutionProperties) = preSolution
		HideSolutionNode = FALSE
	EndGlobalSection
	GlobalSection(ExtensibilityGlobals) = postSolution
		SolutionGuid = {E2A6887B-1323-4A0B-925B-3D9028DA9CF3}
	EndGlobalSection
EndGlobal
