
Microsoft Visual Studio Solution File, Format Version 12.00
# Visual Studio Version 16
VisualStudioVersion = 16.0.31105.61
MinimumVisualStudioVersion = 10.0.40219.1
Project("{FAE04EC0-301F-11D3-BF4B-00C04F79EFBC}") = "Net5.Fundamentals.DI.Console", "Net5.Fundamentals.DI.Console\Net5.Fundamentals.DI.Console.csproj", "{C1876618-D479-4896-A83F-A364C90C397B}"
EndProject
Project("{FAE04EC0-301F-11D3-BF4B-00C04F79EFBC}") = "Net5.Fundamentals.DI.MVC", "Net5.Fundamentals.DI.MVC\Net5.Fundamentals.DI.MVC.csproj", "{CD553B1D-15A3-49ED-B266-656D7B084405}"
EndProject
Global
	GlobalSection(SolutionConfigurationPlatforms) = preSolution
		Debug|Any CPU = Debug|Any CPU
		Release|Any CPU = Release|Any CPU
	EndGlobalSection
	GlobalSection(ProjectConfigurationPlatforms) = postSolution
		{C1876618-D479-4896-A83F-A364C90C397B}.Debug|Any CPU.ActiveCfg = Debug|Any CPU
		{C1876618-D479-4896-A83F-A364C90C397B}.Debug|Any CPU.Build.0 = Debug|Any CPU
		{C1876618-D479-4896-A83F-A364C90C397B}.Release|Any CPU.ActiveCfg = Release|Any CPU
		{C1876618-D479-4896-A83F-A364C90C397B}.Release|Any CPU.Build.0 = Release|Any CPU
		{CD553B1D-15A3-49ED-B266-656D7B084405}.Debug|Any CPU.ActiveCfg = Debug|Any CPU
		{CD553B1D-15A3-49ED-B266-656D7B084405}.Debug|Any CPU.Build.0 = Debug|Any CPU
		{CD553B1D-15A3-49ED-B266-656D7B084405}.Release|Any CPU.ActiveCfg = Release|Any CPU
		{CD553B1D-15A3-49ED-B266-656D7B084405}.Release|Any CPU.Build.0 = Release|Any CPU
	EndGlobalSection
	GlobalSection(SolutionProperties) = preSolution
		HideSolutionNode = FALSE
	EndGlobalSection
	GlobalSection(ExtensibilityGlobals) = postSolution
		SolutionGuid = {8A5FD04C-BCD2-4E40-89E4-E492441E7759}
	EndGlobalSection
EndGlobal
