
Microsoft Visual Studio Solution File, Format Version 12.00
# Visual Studio Version 16
VisualStudioVersion = 16.0.31105.61
MinimumVisualStudioVersion = 10.0.40219.1
Project("{9A19103F-16F7-4668-BE54-9A1E7A4F7556}") = "Net5.AspNet.MVC.Client", "Net5.AspNet.MVC.Client\Net5.AspNet.MVC.Client.csproj", "{0638D3D3-25A4-41A1-9B3E-7091249D9F97}"
EndProject
Project("{00D1A9C2-B5F0-4AF3-8072-F6C62B433612}") = "Net5.AspNet.MVC.Database", "Net5.AspNet.MVC.Database\Net5.AspNet.MVC.Database.sqlproj", "{FA98C4B0-93BF-47FA-9E8D-9D395F9CB475}"
EndProject
Project("{9A19103F-16F7-4668-BE54-9A1E7A4F7556}") = "Net5.AspNet.MVC.Infrastructure", "Net5.AspNet.MVC.Infrastructure\Net5.AspNet.MVC.Infrastructure.csproj", "{FAC21084-FE29-43E6-BDE3-6D70E80F6A5D}"
EndProject
Project("{9A19103F-16F7-4668-BE54-9A1E7A4F7556}") = "Net5.AspNet.MVC.IdentityProvider", "Net5.AspNet.MVC.IdentityProvider\Net5.AspNet.MVC.IdentityProvider.csproj", "{33FB4F92-06E0-4772-85EC-7DE9DB3F28EE}"
EndProject
Project("{FAE04EC0-301F-11D3-BF4B-00C04F79EFBC}") = "Net5.AspNet.MVC.Blog.API", "Net5.AspNet.MVC.Blog.API\Net5.AspNet.MVC.Blog.API.csproj", "{97A84638-33C6-45E8-9C56-E9BDD80683AA}"
EndProject
Global
	GlobalSection(SolutionConfigurationPlatforms) = preSolution
		Debug|Any CPU = Debug|Any CPU
		Release|Any CPU = Release|Any CPU
	EndGlobalSection
	GlobalSection(ProjectConfigurationPlatforms) = postSolution
		{0638D3D3-25A4-41A1-9B3E-7091249D9F97}.Debug|Any CPU.ActiveCfg = Debug|Any CPU
		{0638D3D3-25A4-41A1-9B3E-7091249D9F97}.Debug|Any CPU.Build.0 = Debug|Any CPU
		{0638D3D3-25A4-41A1-9B3E-7091249D9F97}.Release|Any CPU.ActiveCfg = Release|Any CPU
		{0638D3D3-25A4-41A1-9B3E-7091249D9F97}.Release|Any CPU.Build.0 = Release|Any CPU
		{FA98C4B0-93BF-47FA-9E8D-9D395F9CB475}.Debug|Any CPU.ActiveCfg = Debug|Any CPU
		{FA98C4B0-93BF-47FA-9E8D-9D395F9CB475}.Debug|Any CPU.Build.0 = Debug|Any CPU
		{FA98C4B0-93BF-47FA-9E8D-9D395F9CB475}.Debug|Any CPU.Deploy.0 = Debug|Any CPU
		{FA98C4B0-93BF-47FA-9E8D-9D395F9CB475}.Release|Any CPU.ActiveCfg = Release|Any CPU
		{FA98C4B0-93BF-47FA-9E8D-9D395F9CB475}.Release|Any CPU.Build.0 = Release|Any CPU
		{FA98C4B0-93BF-47FA-9E8D-9D395F9CB475}.Release|Any CPU.Deploy.0 = Release|Any CPU
		{FAC21084-FE29-43E6-BDE3-6D70E80F6A5D}.Debug|Any CPU.ActiveCfg = Debug|Any CPU
		{FAC21084-FE29-43E6-BDE3-6D70E80F6A5D}.Debug|Any CPU.Build.0 = Debug|Any CPU
		{FAC21084-FE29-43E6-BDE3-6D70E80F6A5D}.Release|Any CPU.ActiveCfg = Release|Any CPU
		{FAC21084-FE29-43E6-BDE3-6D70E80F6A5D}.Release|Any CPU.Build.0 = Release|Any CPU
		{33FB4F92-06E0-4772-85EC-7DE9DB3F28EE}.Debug|Any CPU.ActiveCfg = Debug|Any CPU
		{33FB4F92-06E0-4772-85EC-7DE9DB3F28EE}.Debug|Any CPU.Build.0 = Debug|Any CPU
		{33FB4F92-06E0-4772-85EC-7DE9DB3F28EE}.Release|Any CPU.ActiveCfg = Release|Any CPU
		{33FB4F92-06E0-4772-85EC-7DE9DB3F28EE}.Release|Any CPU.Build.0 = Release|Any CPU
		{97A84638-33C6-45E8-9C56-E9BDD80683AA}.Debug|Any CPU.ActiveCfg = Debug|Any CPU
		{97A84638-33C6-45E8-9C56-E9BDD80683AA}.Debug|Any CPU.Build.0 = Debug|Any CPU
		{97A84638-33C6-45E8-9C56-E9BDD80683AA}.Release|Any CPU.ActiveCfg = Release|Any CPU
		{97A84638-33C6-45E8-9C56-E9BDD80683AA}.Release|Any CPU.Build.0 = Release|Any CPU
	EndGlobalSection
	GlobalSection(SolutionProperties) = preSolution
		HideSolutionNode = FALSE
	EndGlobalSection
	GlobalSection(ExtensibilityGlobals) = postSolution
		SolutionGuid = {7446171B-C75E-44DC-BA8D-2E610E4C6D9B}
	EndGlobalSection
EndGlobal
